
Microsoft Visual Studio Solution File, Format Version 12.00
# Visual Studio Version 16
VisualStudioVersion = 16.0.29519.87
MinimumVisualStudioVersion = 10.0.40219.1
Project("{FAE04EC0-301F-11D3-BF4B-00C04F79EFBC}") = "UlimateSnakeGame", "UlimateSnakeGame.csproj", "{A085CF58-793C-4CA3-B10F-3DA1EA73E419}"
EndProject
Global
	GlobalSection(SolutionConfigurationPlatforms) = preSolution
		Debug|Any CPU = Debug|Any CPU
		Release|Any CPU = Release|Any CPU
	EndGlobalSection
	GlobalSection(ProjectConfigurationPlatforms) = postSolution
		{A085CF58-793C-4CA3-B10F-3DA1EA73E419}.Debug|Any CPU.ActiveCfg = Debug|Any CPU
		{A085CF58-793C-4CA3-B10F-3DA1EA73E419}.Debug|Any CPU.Build.0 = Debug|Any CPU
		{A085CF58-793C-4CA3-B10F-3DA1EA73E419}.Release|Any CPU.ActiveCfg = Release|Any CPU
		{A085CF58-793C-4CA3-B10F-3DA1EA73E419}.Release|Any CPU.Build.0 = Release|Any CPU
	EndGlobalSection
	GlobalSection(SolutionProperties) = preSolution
		HideSolutionNode = FALSE
	EndGlobalSection
	GlobalSection(ExtensibilityGlobals) = postSolution
		SolutionGuid = {F67AA6D8-79A6-48A6-875D-BB7F28DD71F3}
	EndGlobalSection
EndGlobal
